
Microsoft Visual Studio Solution File, Format Version 11.00
# Visual Studio 2010
Project("{FAE04EC0-301F-11D3-BF4B-00C04F79EFBC}") = "EGM_AR", "Assembly-CSharp.csproj", "{EFFA553F-0719-00B2-F5DC-3CE8B944E2C2}"
EndProject
Project("{FAE04EC0-301F-11D3-BF4B-00C04F79EFBC}") = "EGM_AR", "Assembly-CSharp-Editor.csproj", "{2377F353-D854-CA67-8E75-7C6BB323CC3A}"
EndProject
Global
	GlobalSection(SolutionConfigurationPlatforms) = preSolution
		Debug|Any CPU = Debug|Any CPU
		Release|Any CPU = Release|Any CPU
	EndGlobalSection
	GlobalSection(ProjectConfigurationPlatforms) = postSolution
		{EFFA553F-0719-00B2-F5DC-3CE8B944E2C2}.Debug|Any CPU.ActiveCfg = Debug|Any CPU
		{EFFA553F-0719-00B2-F5DC-3CE8B944E2C2}.Debug|Any CPU.Build.0 = Debug|Any CPU
		{EFFA553F-0719-00B2-F5DC-3CE8B944E2C2}.Release|Any CPU.ActiveCfg = Release|Any CPU
		{EFFA553F-0719-00B2-F5DC-3CE8B944E2C2}.Release|Any CPU.Build.0 = Release|Any CPU
		{2377F353-D854-CA67-8E75-7C6BB323CC3A}.Debug|Any CPU.ActiveCfg = Debug|Any CPU
		{2377F353-D854-CA67-8E75-7C6BB323CC3A}.Debug|Any CPU.Build.0 = Debug|Any CPU
		{2377F353-D854-CA67-8E75-7C6BB323CC3A}.Release|Any CPU.ActiveCfg = Release|Any CPU
		{2377F353-D854-CA67-8E75-7C6BB323CC3A}.Release|Any CPU.Build.0 = Release|Any CPU
	EndGlobalSection
	GlobalSection(SolutionProperties) = preSolution
		HideSolutionNode = FALSE
	EndGlobalSection
	GlobalSection(MonoDevelopProperties) = preSolution
		StartupItem = Assembly-CSharp.csproj
	EndGlobalSection
EndGlobal
